{
    "version": 3,
    "terraform_version": "0.7.3",
    "serial": 61,
    "lineage": "ce18bada-c669-45e8-9a65-96e935ca8547",
    "modules": [
        {
            "path": [
                "root"
            ],
            "outputs": {},
            "resources": {
                "google_compute_disk.gluster-pd.0": {
                    "type": "google_compute_disk",
                    "depends_on": [],
                    "primary": {
                        "id": "gluster-pd-1",
                        "attributes": {
                            "id": "gluster-pd-1",
                            "image": "ubuntu-1604-lts",
                            "name": "gluster-pd-1",
                            "self_link": "https://www.googleapis.com/compute/v1/projects/churchwebsitepress-1/zones/us-central1-a/disks/gluster-pd-1",
                            "size": "300",
                            "type": "pd-standard",
                            "zone": "us-central1-a"
                        },
                        "meta": {},
                        "tainted": false
                    },
                    "deposed": [],
                    "provider": ""
                },
                "google_compute_disk.gluster-pd.1": {
                    "type": "google_compute_disk",
                    "depends_on": [],
                    "primary": {
                        "id": "gluster-pd-2",
                        "attributes": {
                            "id": "gluster-pd-2",
                            "image": "ubuntu-1604-lts",
                            "name": "gluster-pd-2",
                            "self_link": "https://www.googleapis.com/compute/v1/projects/churchwebsitepress-1/zones/us-central1-a/disks/gluster-pd-2",
                            "size": "300",
                            "type": "pd-standard",
                            "zone": "us-central1-a"
                        },
                        "meta": {},
                        "tainted": false
                    },
                    "deposed": [],
                    "provider": ""
                },
                "google_compute_disk.gluster-pd.2": {
                    "type": "google_compute_disk",
                    "depends_on": [],
                    "primary": {
                        "id": "gluster-pd-3",
                        "attributes": {
                            "id": "gluster-pd-3",
                            "image": "ubuntu-1604-lts",
                            "name": "gluster-pd-3",
                            "self_link": "https://www.googleapis.com/compute/v1/projects/churchwebsitepress-1/zones/us-central1-a/disks/gluster-pd-3",
                            "size": "300",
                            "type": "pd-standard",
                            "zone": "us-central1-a"
                        },
                        "meta": {},
                        "tainted": false
                    },
                    "deposed": [],
                    "provider": ""
                },
                "google_compute_firewall.k8wp": {
                    "type": "google_compute_firewall",
                    "depends_on": [
                        "google_compute_network.default"
                    ],
                    "primary": {
                        "id": "allow-all-internal",
                        "attributes": {
                            "allow.#": "3",
                            "allow.1249999313.ports.#": "1",
                            "allow.1249999313.ports.0": "1-65535",
                            "allow.1249999313.protocol": "tcp",
                            "allow.1367131964.ports.#": "0",
                            "allow.1367131964.protocol": "icmp",
                            "allow.4162789437.ports.#": "1",
                            "allow.4162789437.ports.0": "1-65535",
                            "allow.4162789437.protocol": "udp",
                            "description": "",
                            "id": "allow-all-internal",
                            "name": "allow-all-internal",
                            "network": "k8wp",
                            "project": "churchwebsitepress-1",
                            "self_link": "https://www.googleapis.com/compute/v1/projects/churchwebsitepress-1/global/firewalls/allow-all-internal",
                            "source_ranges.#": "1",
                            "source_ranges.689758415": "10.128.0.0/20",
                            "source_tags.#": "0",
                            "target_tags.#": "0"
                        },
                        "meta": {
                            "schema_version": "1"
                        },
                        "tainted": false
                    },
                    "deposed": [],
                    "provider": ""
                },
                "google_compute_firewall.ssh": {
                    "type": "google_compute_firewall",
                    "depends_on": [
                        "google_compute_network.default"
                    ],
                    "primary": {
                        "id": "ssh",
                        "attributes": {
                            "allow.#": "1",
                            "allow.803338340.ports.#": "1",
                            "allow.803338340.ports.0": "22",
                            "allow.803338340.protocol": "tcp",
                            "description": "",
                            "id": "ssh",
                            "name": "ssh",
                            "network": "k8wp",
                            "project": "churchwebsitepress-1",
                            "self_link": "https://www.googleapis.com/compute/v1/projects/churchwebsitepress-1/global/firewalls/ssh",
                            "source_ranges.#": "1",
                            "source_ranges.1080289494": "0.0.0.0/0",
                            "source_tags.#": "0",
                            "target_tags.#": "0"
                        },
                        "meta": {
                            "schema_version": "1"
                        },
                        "tainted": false
                    },
                    "deposed": [],
                    "provider": ""
                },
                "google_compute_instance.gluster.0": {
                    "type": "google_compute_instance",
                    "depends_on": [
                        "google_compute_disk.gluster-pd",
                        "google_compute_network.default"
                    ],
                    "primary": {
                        "id": "gluster-1",
                        "attributes": {
                            "can_ip_forward": "true",
                            "disk.#": "3",
                            "disk.0.auto_delete": "true",
                            "disk.0.device_name": "",
                            "disk.0.disk": "",
                            "disk.0.image": "ubuntu-1604-lts",
                            "disk.0.scratch": "false",
                            "disk.0.size": "0",
                            "disk.0.type": "",
                            "disk.1.auto_delete": "true",
                            "disk.1.device_name": "",
                            "disk.1.disk": "",
                            "disk.1.image": "",
                            "disk.1.scratch": "true",
                            "disk.1.size": "0",
                            "disk.1.type": "local-ssd",
                            "disk.2.auto_delete": "false",
                            "disk.2.device_name": "gluster-pd",
                            "disk.2.disk": "gluster-pd-1",
                            "disk.2.image": "",
                            "disk.2.scratch": "false",
                            "disk.2.size": "0",
                            "disk.2.type": "",
                            "id": "gluster-1",
                            "machine_type": "n1-standard-1",
                            "metadata.%": "1",
                            "metadata.ssh-keys": "jonathan:ssh-rsa AAAAB3NzaC1yc2EAAAADAQABAAABAQC6ignwl95OfHxBjn4OynmdkQbLzMqEO9oDtOIQnx5DyV4yKXEwueUHqIn8Un2YBDOCGj1NTJNc+mKrXkl4A7rEITak73YkOGmKJdCjDOJIqk/PhWLqD+iI2x5Ik3n2aXDsPCRND8FKI6RudcyF2YZaQts/fRJA7kSmNPOf4ivkd5939KdKJh0gSSdWJQuC+e6XQj+VuigWgLXHurwnObW18aruqVytUirOn5EHGHd9sNT4lw7oSnqjANKMpU++NiJuy5xKAMAAK+N32Eg9QPaA4Ue5P5a0zBUzkarCClqyAiFTS+cBTs/6ZxCX+XsQKQZQu8+LIKsrD7qYV0IUSO8D jonathan@ubuntu\n",
                            "metadata_fingerprint": "hDroLkoDC8c=",
                            "metadata_startup_script": "sudo apt-get update \u0026\u0026 sudo apt-get install -y glusterfs-server;sudo mkdir -p /mnt/gfs \u0026\u0026 sudo mount -o discard,defaults /dev/disk/by-id/google-gluster-pd /mnt/gfs \u0026\u0026 sudo chmod a+w /mnt/gfs \u0026\u0026 echo UUID=`sudo blkid -s UUID -o value /dev/disk/by-id/google-gluster-pd` /mnt/gfs ext4 discard,defaults,[NOFAIL] 0 2 | sudo tee -a /etc/fstab",
                            "name": "gluster-1",
                            "network.#": "0",
                            "network_interface.#": "1",
                            "network_interface.0.access_config.#": "1",
                            "network_interface.0.access_config.0.assigned_nat_ip": "104.198.136.209",
                            "network_interface.0.access_config.0.nat_ip": "",
                            "network_interface.0.address": "10.128.0.4",
                            "network_interface.0.name": "nic0",
                            "network_interface.0.network": "k8wp",
                            "network_interface.0.subnetwork": "",
                            "self_link": "https://www.googleapis.com/compute/v1/projects/churchwebsitepress-1/zones/us-central1-a/instances/gluster-1",
                            "service_account.#": "1",
                            "service_account.0.email": "490132473316-compute@developer.gserviceaccount.com",
                            "service_account.0.scopes.#": "3",
                            "service_account.0.scopes.1632638332": "https://www.googleapis.com/auth/devstorage.read_only",
                            "service_account.0.scopes.2428168921": "https://www.googleapis.com/auth/userinfo.email",
                            "service_account.0.scopes.2862113455": "https://www.googleapis.com/auth/compute.readonly",
                            "tags.#": "1",
                            "tags.200482051": "internal",
                            "tags_fingerprint": "PZazWFtGplc=",
                            "zone": "us-central1-a"
                        },
                        "meta": {
                            "schema_version": "2"
                        },
                        "tainted": false
                    },
                    "deposed": [],
                    "provider": ""
                },
                "google_compute_instance.gluster.1": {
                    "type": "google_compute_instance",
                    "depends_on": [
                        "google_compute_disk.gluster-pd",
                        "google_compute_network.default"
                    ],
                    "primary": {
                        "id": "gluster-2",
                        "attributes": {
                            "can_ip_forward": "true",
                            "disk.#": "3",
                            "disk.0.auto_delete": "true",
                            "disk.0.device_name": "",
                            "disk.0.disk": "",
                            "disk.0.image": "ubuntu-1604-lts",
                            "disk.0.scratch": "false",
                            "disk.0.size": "0",
                            "disk.0.type": "",
                            "disk.1.auto_delete": "true",
                            "disk.1.device_name": "",
                            "disk.1.disk": "",
                            "disk.1.image": "",
                            "disk.1.scratch": "true",
                            "disk.1.size": "0",
                            "disk.1.type": "local-ssd",
                            "disk.2.auto_delete": "false",
                            "disk.2.device_name": "gluster-pd",
                            "disk.2.disk": "gluster-pd-2",
                            "disk.2.image": "",
                            "disk.2.scratch": "false",
                            "disk.2.size": "0",
                            "disk.2.type": "",
                            "id": "gluster-2",
                            "machine_type": "n1-standard-1",
                            "metadata.%": "1",
                            "metadata.ssh-keys": "jonathan:ssh-rsa AAAAB3NzaC1yc2EAAAADAQABAAABAQC6ignwl95OfHxBjn4OynmdkQbLzMqEO9oDtOIQnx5DyV4yKXEwueUHqIn8Un2YBDOCGj1NTJNc+mKrXkl4A7rEITak73YkOGmKJdCjDOJIqk/PhWLqD+iI2x5Ik3n2aXDsPCRND8FKI6RudcyF2YZaQts/fRJA7kSmNPOf4ivkd5939KdKJh0gSSdWJQuC+e6XQj+VuigWgLXHurwnObW18aruqVytUirOn5EHGHd9sNT4lw7oSnqjANKMpU++NiJuy5xKAMAAK+N32Eg9QPaA4Ue5P5a0zBUzkarCClqyAiFTS+cBTs/6ZxCX+XsQKQZQu8+LIKsrD7qYV0IUSO8D jonathan@ubuntu\n",
                            "metadata_fingerprint": "hDroLkoDC8c=",
                            "metadata_startup_script": "sudo apt-get update \u0026\u0026 sudo apt-get install -y glusterfs-server;sudo mkdir -p /mnt/gfs \u0026\u0026 sudo mount -o discard,defaults /dev/disk/by-id/google-gluster-pd /mnt/gfs \u0026\u0026 sudo chmod a+w /mnt/gfs \u0026\u0026 echo UUID=`sudo blkid -s UUID -o value /dev/disk/by-id/google-gluster-pd` /mnt/gfs ext4 discard,defaults,[NOFAIL] 0 2 | sudo tee -a /etc/fstab",
                            "name": "gluster-2",
                            "network.#": "0",
                            "network_interface.#": "1",
                            "network_interface.0.access_config.#": "1",
                            "network_interface.0.access_config.0.assigned_nat_ip": "104.154.164.16",
                            "network_interface.0.access_config.0.nat_ip": "",
                            "network_interface.0.address": "10.128.0.3",
                            "network_interface.0.name": "nic0",
                            "network_interface.0.network": "k8wp",
                            "network_interface.0.subnetwork": "",
                            "self_link": "https://www.googleapis.com/compute/v1/projects/churchwebsitepress-1/zones/us-central1-a/instances/gluster-2",
                            "service_account.#": "1",
                            "service_account.0.email": "490132473316-compute@developer.gserviceaccount.com",
                            "service_account.0.scopes.#": "3",
                            "service_account.0.scopes.1632638332": "https://www.googleapis.com/auth/devstorage.read_only",
                            "service_account.0.scopes.2428168921": "https://www.googleapis.com/auth/userinfo.email",
                            "service_account.0.scopes.2862113455": "https://www.googleapis.com/auth/compute.readonly",
                            "tags.#": "1",
                            "tags.200482051": "internal",
                            "tags_fingerprint": "PZazWFtGplc=",
                            "zone": "us-central1-a"
                        },
                        "meta": {
                            "schema_version": "2"
                        },
                        "tainted": false
                    },
                    "deposed": [],
                    "provider": ""
                },
                "google_compute_instance.gluster.2": {
                    "type": "google_compute_instance",
                    "depends_on": [
                        "google_compute_disk.gluster-pd",
                        "google_compute_network.default"
                    ],
                    "primary": {
                        "id": "gluster-3",
                        "attributes": {
                            "can_ip_forward": "true",
                            "disk.#": "3",
                            "disk.0.auto_delete": "true",
                            "disk.0.device_name": "",
                            "disk.0.disk": "",
                            "disk.0.image": "ubuntu-1604-lts",
                            "disk.0.scratch": "false",
                            "disk.0.size": "0",
                            "disk.0.type": "",
                            "disk.1.auto_delete": "true",
                            "disk.1.device_name": "",
                            "disk.1.disk": "",
                            "disk.1.image": "",
                            "disk.1.scratch": "true",
                            "disk.1.size": "0",
                            "disk.1.type": "local-ssd",
                            "disk.2.auto_delete": "false",
                            "disk.2.device_name": "gluster-pd",
                            "disk.2.disk": "gluster-pd-3",
                            "disk.2.image": "",
                            "disk.2.scratch": "false",
                            "disk.2.size": "0",
                            "disk.2.type": "",
                            "id": "gluster-3",
                            "machine_type": "n1-standard-1",
                            "metadata.%": "1",
                            "metadata.ssh-keys": "jonathan:ssh-rsa AAAAB3NzaC1yc2EAAAADAQABAAABAQC6ignwl95OfHxBjn4OynmdkQbLzMqEO9oDtOIQnx5DyV4yKXEwueUHqIn8Un2YBDOCGj1NTJNc+mKrXkl4A7rEITak73YkOGmKJdCjDOJIqk/PhWLqD+iI2x5Ik3n2aXDsPCRND8FKI6RudcyF2YZaQts/fRJA7kSmNPOf4ivkd5939KdKJh0gSSdWJQuC+e6XQj+VuigWgLXHurwnObW18aruqVytUirOn5EHGHd9sNT4lw7oSnqjANKMpU++NiJuy5xKAMAAK+N32Eg9QPaA4Ue5P5a0zBUzkarCClqyAiFTS+cBTs/6ZxCX+XsQKQZQu8+LIKsrD7qYV0IUSO8D jonathan@ubuntu\n",
                            "metadata_fingerprint": "hDroLkoDC8c=",
                            "metadata_startup_script": "sudo apt-get update \u0026\u0026 sudo apt-get install -y glusterfs-server;sudo mkdir -p /mnt/gfs \u0026\u0026 sudo mount -o discard,defaults /dev/disk/by-id/google-gluster-pd /mnt/gfs \u0026\u0026 sudo chmod a+w /mnt/gfs \u0026\u0026 echo UUID=`sudo blkid -s UUID -o value /dev/disk/by-id/google-gluster-pd` /mnt/gfs ext4 discard,defaults,[NOFAIL] 0 2 | sudo tee -a /etc/fstab",
                            "name": "gluster-3",
                            "network.#": "0",
                            "network_interface.#": "1",
                            "network_interface.0.access_config.#": "1",
                            "network_interface.0.access_config.0.assigned_nat_ip": "146.148.95.25",
                            "network_interface.0.access_config.0.nat_ip": "",
                            "network_interface.0.address": "10.128.0.2",
                            "network_interface.0.name": "nic0",
                            "network_interface.0.network": "k8wp",
                            "network_interface.0.subnetwork": "",
                            "self_link": "https://www.googleapis.com/compute/v1/projects/churchwebsitepress-1/zones/us-central1-a/instances/gluster-3",
                            "service_account.#": "1",
                            "service_account.0.email": "490132473316-compute@developer.gserviceaccount.com",
                            "service_account.0.scopes.#": "3",
                            "service_account.0.scopes.1632638332": "https://www.googleapis.com/auth/devstorage.read_only",
                            "service_account.0.scopes.2428168921": "https://www.googleapis.com/auth/userinfo.email",
                            "service_account.0.scopes.2862113455": "https://www.googleapis.com/auth/compute.readonly",
                            "tags.#": "1",
                            "tags.200482051": "internal",
                            "tags_fingerprint": "PZazWFtGplc=",
                            "zone": "us-central1-a"
                        },
                        "meta": {
                            "schema_version": "2"
                        },
                        "tainted": false
                    },
                    "deposed": [],
                    "provider": ""
                },
                "google_compute_network.default": {
                    "type": "google_compute_network",
                    "depends_on": [],
                    "primary": {
                        "id": "k8wp",
                        "attributes": {
                            "auto_create_subnetworks": "true",
                            "gateway_ipv4": "",
                            "id": "k8wp",
                            "name": "k8wp",
                            "self_link": "https://www.googleapis.com/compute/v1/projects/churchwebsitepress-1/global/networks/k8wp"
                        },
                        "meta": {},
                        "tainted": false
                    },
                    "deposed": [],
                    "provider": ""
                },
                "google_container_cluster.primary": {
                    "type": "google_container_cluster",
                    "depends_on": [
                        "google_compute_network.default"
                    ],
                    "primary": {
                        "id": "wordpress-cluster",
                        "attributes": {
                            "cluster_ipv4_cidr": "10.52.0.0/14",
                            "description": "",
                            "endpoint": "35.184.7.121",
                            "id": "wordpress-cluster",
                            "initial_node_count": "3",
                            "instance_group_urls.#": "1",
                            "instance_group_urls.0": "https://www.googleapis.com/compute/v1/projects/churchwebsitepress-1/zones/us-central1-a/instanceGroupManagers/gke-wordpress-cluster-default-pool-c3c28323-grp",
                            "logging_service": "logging.googleapis.com",
                            "master_auth.#": "1",
                            "master_auth.0.client_certificate": "LS0tLS1CRUdJTiBDRVJUSUZJQ0FURS0tLS0tCk1JSUMyekNDQWNPZ0F3SUJBZ0lSQU1BK1lwdktpc0dzMkloZk5XMDdFbGt3RFFZSktvWklodmNOQVFFTEJRQXcKTHpFdE1Dc0dBMVVFQXhNa1ptRXlOelZsTW1FdE5qTTNNQzAwTkRabExUZ3laVEF0WVdSallqRXdOVEF5WlRjMgpNQjRYRFRFM01ETXhNVEV6TVRVME9Wb1hEVEl5TURNeE1ERXpNVFUwT1Zvd0VURVBNQTBHQTFVRUF4TUdZMnhwClpXNTBNSUlCSWpBTkJna3Foa2lHOXcwQkFRRUZBQU9DQVE4QU1JSUJDZ0tDQVFFQXdsdEt3REQ2dUlVZzVpakEKS1hKNlpHcXF3OWl4TndJRlA1R3dKczVWZ0lWTVNUMlhMamxGVzh1UVh5SUE4QVpCVWNOZnRYUlY4OC9mQVR0UQpXZmxobldvRFo1TFcxZHRJcUIxWUxza1dXdFlEeEovQ3BwcUZSTE1Ia0Y4WXVQMUphUlpCbHNZZlllR3ZkUXpPCjNqenpqNk1RMTF4aXppdnEyMGtoYytTSlZLVWRWVU1CUU9HRlI4SExCeTlpZk1HUXdndkNlT3I3U0crODJhWGIKQlkvTUZ6ZkgwVDJxSm9nZ0hFYVVsZll5NmhxdEZ4b1dYZThKMEVTUUR4QXhkenQrT1VCOTBNazhCWXNDaTRiLwpBek4zYW1CZGdVVnpLcHlKVUx1aXl3MEJ2cUI2Q2ZCaEExTlhRYlFFb3JQYU1HOXdtbCtMU1hmRldqdExIQ3c1CjJoKzN1d0lEQVFBQm94QXdEakFNQmdOVkhSTUJBZjhFQWpBQU1BMEdDU3FHU0liM0RRRUJDd1VBQTRJQkFRQkcKWFNHZHUvMUM5SXl4YUMveDlBcjltaFB5YkpxMjd4N3MvVkZxQ25TekhlTk5tVTNhUlRhZmxLZExpTkgxRm11NgphVU1aeU9IckhYdlJyNDZiZHZ1azRIT2lHd1Y3ZVYrQ2FQQ25LMlVOc0Z4bVdkOEZ2Ui93N2cxUW1kWFpKVmM4CkNTWGgwT29GVXFFWTdRYVJmUC9EMUIybGJPNmJaNG9XdU1HM01lWU1nK0tDazVSaTZwRm5WZUtLYXFZT2JDb3AKZmd5Z3hmRmlGUnlqd2htMitSOGUyOUZFbGt3NHVJQkIvSkRqSWE2TDFlU3dMd2tJaEJ6N2FiejQ3ekU0MDNZMwo2R016WVVxbzNlSUhxM09sbmFJSFZGNXpTaXVpUXRBek1sczdQUWxTWE5MY0xONzFrZnkwOVdtYjFURXd0Rm8rCmZ3UjJ0RFBUR3hEK25GUE12TFVtCi0tLS0tRU5EIENFUlRJRklDQVRFLS0tLS0K",
                            "master_auth.0.client_key": "LS0tLS1CRUdJTiBSU0EgUFJJVkFURSBLRVktLS0tLQpNSUlFb3dJQkFBS0NBUUVBd2x0S3dERDZ1SVVnNWlqQUtYSjZaR3FxdzlpeE53SUZQNUd3SnM1VmdJVk1TVDJYCkxqbEZXOHVRWHlJQThBWkJVY05mdFhSVjg4L2ZBVHRRV2ZsaG5Xb0RaNUxXMWR0SXFCMVlMc2tXV3RZRHhKL0MKcHBxRlJMTUhrRjhZdVAxSmFSWkJsc1lmWWVHdmRRek8zanp6ajZNUTExeGl6aXZxMjBraGMrU0pWS1VkVlVNQgpRT0dGUjhITEJ5OWlmTUdRd2d2Q2VPcjdTRys4MmFYYkJZL01GemZIMFQycUpvZ2dIRWFVbGZZeTZocXRGeG9XClhlOEowRVNRRHhBeGR6dCtPVUI5ME1rOEJZc0NpNGIvQXpOM2FtQmRnVVZ6S3B5SlVMdWl5dzBCdnFCNkNmQmgKQTFOWFFiUUVvclBhTUc5d21sK0xTWGZGV2p0TEhDdzUyaCszdXdJREFRQUJBb0lCQUZwMmM0eVJQNkd6RldVTApncVhJQ3YvQ1JrbHlDc28zdm9tZ0hnVng5SW9sZ1NSMTduQXRhQU1aOU5EUzJ1emRmSG02SGtvdkkvS2Z4b1NrClB2b2lBVFZycXJvQ3RzeERqTVh6SXFCa0tHdVBRYUc3V3JhQkpaYWNYZURzNG16NE43c2FDTjFNeWo2YzlUWGUKQ0V1WXd5VVFHVDZrV2JqczZCdTVKa0R6RnBpMmtHV2xJUDFvd1lVNHV1RlBWbUkwSmdkcWovR1FCcDdlNEU0UQpWMFczTlJYKzFDaGlzemhHKytoWDJKWUdNYzkxMDZUMlFvc3oxMm55ekFldE80QlRqY05kdmNMemhJMyt2elhQClRLdHQxbWd6VkZiWVFJMXpjRnc3bENsbXBXV1NPZ3Q3T3NyT1pibU9vazRGSklUR0JrU0JCQ2trT1hNZldVQXEKUzRtOTJvRUNnWUVBL1VQaEF0enJ4MStkRGQ5cFZLN1RVSFBFYTBaeGVYd3QzVFpvOFk2QVZXMUJPaTRDbERubgp6U3Y0anh6VG5ENkhIenlTT1F4bnJwbm40RzAyYkFkV0J3aC82aUdmQUMxMlZ6RS9Rc1JYYmVxTGV3alQ2MEkrCk5kd2ZUVlFFa2h5Yk5mK3p5dFhHVkZKQjhXU1lkWkdKSWhaaGYxZ3lsUnJEa3Mwb2diWnhZZ2tDZ1lFQXhIU1IKUlZXMlBORGxCZnZZcDJlb09UbnVRTHo3YXorZlo1NklaZlRrSXJKanhSbk9zWWJrZ0hiaTdXTmtjL3FyT21CMAozbEF6RTBJWHdHVnFTMVVNZlQzeS9SWVQ4cVp3QUdFUzRGZmhtQjVVNFUrVnFCWWZvd1NGNS95dXY3R3F4QmZCCklndGVBb2hyRDNHYlo4S1ltZ2FFSGZ3VGpSczB2dldmaEdpZTdLTUNnWUFZZ3lSWkNaYk1ZaVdxUFJCTndPbjAKNUcrRFRuc1hIZnkyWjFpNjRHYnRYYml0Yjl5U0NoUzBWK2dqdWMrRlZNdnhLd1NmL3VKZUZNbExnR1ovQ0NxOApYWWM3MnVzdnNqYTg4NmhDeHd3TE9HTXRra29vZiszVGVxMlE1MnZWMUd6MVNmMVZ5V0Q3c2tadG5hWGY0eWtaCm9uN25PMXNSOFZneWNpYlVmeHIwT1FLQmdGVjM0VHVvN24vRzRkeVlsTWsvNzQvMkJCRm1KbnVpVWxkaVFUVWEKTmFaaXRjVXFWU0ltN1lKMk5vUFFtZ05iS3VOYTAzMWtwdFBhRFR0RzQ5ZWlTS3kwSnVLMG1Ea1k3K0U2V2x2LwozOFd1Ykg4WmdLSi8vWU9PbERNNVcwMUtubUJ4ZFRTNmZVdmN6YmNLVmZIdVZ6V3JZQThyZTlZSDRBcTBFWklwCmNmckJBb0dCQUwvWXNvalN4ZGlRQzcxRTE3eWhqRzlSVVFFeTk3OGQxZzIvWTNNdEd1ODFzSkVibkk5RElhODkKbXNwZXR3dkJGb0xHWXhvUUd2RmRBWGM5UmdxUU1jbTVKZUFlRHBGZ1R6eGlPRnc4V2xIcHArNkZiYmpwYjNLbApFV0gxUEN3T0NDZnBFWlhZVEhIVWZWTDFkYXpDaUgwMUowd2I4dkJ6N1dUaFdTZXhxZVc1Ci0tLS0tRU5EIFJTQSBQUklWQVRFIEtFWS0tLS0tCg==",
                            "master_auth.0.cluster_ca_certificate": "LS0tLS1CRUdJTiBDRVJUSUZJQ0FURS0tLS0tCk1JSURDekNDQWZPZ0F3SUJBZ0lRVlNuMVJvN0o4T0lkNkpva0NEc0c1VEFOQmdrcWhraUc5dzBCQVFzRkFEQXYKTVMwd0t3WURWUVFERXlSbVlUSTNOV1V5WVMwMk16Y3dMVFEwTm1VdE9ESmxNQzFoWkdOaU1UQTFNREpsTnpZdwpIaGNOTVRjd016RXhNVE14TlRRNFdoY05Nakl3TXpFd01UTXhOVFE0V2pBdk1TMHdLd1lEVlFRREV5Um1ZVEkzCk5XVXlZUzAyTXpjd0xUUTBObVV0T0RKbE1DMWhaR05pTVRBMU1ESmxOell3Z2dFaU1BMEdDU3FHU0liM0RRRUIKQVFVQUE0SUJEd0F3Z2dFS0FvSUJBUUNzamR3aE9YTlV5anZPUHl4S1JNVnRzSEZXZlNFWm1vUTA0RjJwWW96WApweG1VVmJBVys3STUyUW0wMHRIY25pRzR6U29iUTR4NDZnaktNdFF4Y1BPbGFyc2NNYWl3Y0t0ZU1kRnNxV0lTCkVmU0k1eDZySjlFWU1qZE14RmJQSkVsZVFUUzJGY2NqR3V2QndFV0sxVzNPTVBWUkFKQUEwTWVjcmhLMFlrMzcKekdHUFhIYjh5TjdCKy9HYUdUN2RtNTNhNUQ3bkl1Wkp4UVJjYXR0YjBKZE9hOG1hckZqR0k5cXpUamh4WkpaUQpVeVpnQW9GdnpGWldpeWMxMVBJUUV4M1VTbUVIYnIwVHJndUsvVlMzdWErYUtNNDZQOC8zRlAwL0c1cjZRM0g1CkJPL1ZPTVM3OEFhNVpxYXkvL0F1ZExTUkJ3ZitsNVpzWTRxUlVOeTNBNm1YQWdNQkFBR2pJekFoTUE0R0ExVWQKRHdFQi93UUVBd0lDQkRBUEJnTlZIUk1CQWY4RUJUQURBUUgvTUEwR0NTcUdTSWIzRFFFQkN3VUFBNElCQVFCTQp0MktVTTFWRzRsYmVzQW11ME5GcWNnRmcraHp6SnZjZmF4VFU5dzRsUG1lRnRvZ0RWbWh2TTFpbDE5bmdDVVZ0CmJZLzJ3T1BVOG14UHA0UHNSUmZPVWtDSmFaQ3RTWHVUd2FRZENwMUFRZU1ZcTdrQnltaVlTeGQ2UThLdFhndUcKNnMrK3ZmTUc3VG5mMXVsZ3BtM2xadlFsd3IwajA5S09FcXhmYS90cnNJY1JESmdhR2FjZEIzZjN0Z2ZydXZvcgo1SysvbzNpKythbVhvN2llWWlDbVQxZWVWZWc1TUsxZnJEVjY2WVh5SkFFWkkrdUZQY1lGeUtVV2ZMNlZoYnZ3CmMrcUd6QUVRWXZ4THMzTTV1c2RkWlEwRkwzbVZLajM5SFRUYmZqbkFGVlVXQWN4ellQdzRYcXpHUDQ5SE83bnQKdnJYUHBCaWJjV2xCRmVwT3ZZNCsKLS0tLS1FTkQgQ0VSVElGSUNBVEUtLS0tLQo=",
                            "master_auth.0.password": "1234567890abcdef",
                            "master_auth.0.username": "patrick",
                            "monitoring_service": "monitoring.googleapis.com",
                            "name": "wordpress-cluster",
                            "network": "k8wp",
                            "node_config.#": "1",
                            "node_config.0.disk_size_gb": "100",
                            "node_config.0.machine_type": "n1-standard-1",
                            "node_config.0.oauth_scopes.#": "4",
                            "node_config.0.oauth_scopes.0": "https://www.googleapis.com/auth/compute",
                            "node_config.0.oauth_scopes.1": "https://www.googleapis.com/auth/devstorage.read_only",
                            "node_config.0.oauth_scopes.2": "https://www.googleapis.com/auth/logging.write",
                            "node_config.0.oauth_scopes.3": "https://www.googleapis.com/auth/monitoring",
                            "node_version": "1.5.3",
                            "subnetwork": "",
                            "zone": "us-central1-a"
                        },
                        "meta": {},
                        "tainted": false
                    },
                    "deposed": [],
                    "provider": ""
                }
            },
            "depends_on": []
        }
    ]
}
